
Microsoft Visual Studio Solution File, Format Version 12.00
# Visual Studio Version 16
VisualStudioVersion = 16.0.29123.88
MinimumVisualStudioVersion = 10.0.40219.1
Project("{9A19103F-16F7-4668-BE54-9A1E7A4F7556}") = "Catalyst.Dfs.SeedNode", "Catalyst.Dfs.SeedNode.csproj", "{9376F5C3-3F3D-41FF-AC42-3E98847DB1B1}"
EndProject
Project("{9A19103F-16F7-4668-BE54-9A1E7A4F7556}") = "Catalyst.Common", "..\Catalyst.Node\src\Catalyst.Common\Catalyst.Common.csproj", "{7251EBED-443A-43C0-92CF-4A7D36ECBE55}"
EndProject
Project("{9A19103F-16F7-4668-BE54-9A1E7A4F7556}") = "Catalyst.Core.Lib", "..\Catalyst.Node\src\Catalyst.Core.Lib\Catalyst.Core.Lib.csproj", "{61942552-9BF5-4B72-AACB-79E34099CF65}"
EndProject
Project("{9A19103F-16F7-4668-BE54-9A1E7A4F7556}") = "Catalyst.Node.Rpc.Client", "..\Catalyst.Node\src\Catalyst.Node.Rpc.Client\Catalyst.Node.Rpc.Client.csproj", "{90477B3B-9FE0-456E-AF5E-14A7F411A22D}"
EndProject
Global
	GlobalSection(SolutionConfigurationPlatforms) = preSolution
		Debug|Any CPU = Debug|Any CPU
		Release|Any CPU = Release|Any CPU
	EndGlobalSection
	GlobalSection(ProjectConfigurationPlatforms) = postSolution
		{9376F5C3-3F3D-41FF-AC42-3E98847DB1B1}.Debug|Any CPU.ActiveCfg = Debug|Any CPU
		{9376F5C3-3F3D-41FF-AC42-3E98847DB1B1}.Debug|Any CPU.Build.0 = Debug|Any CPU
		{9376F5C3-3F3D-41FF-AC42-3E98847DB1B1}.Release|Any CPU.ActiveCfg = Release|Any CPU
		{9376F5C3-3F3D-41FF-AC42-3E98847DB1B1}.Release|Any CPU.Build.0 = Release|Any CPU
		{C4D751B7-DBF7-4C45-8D54-1FF6608E4EF6}.Debug|Any CPU.ActiveCfg = Debug|Any CPU
		{C4D751B7-DBF7-4C45-8D54-1FF6608E4EF6}.Debug|Any CPU.Build.0 = Debug|Any CPU
		{C4D751B7-DBF7-4C45-8D54-1FF6608E4EF6}.Release|Any CPU.ActiveCfg = Release|Any CPU
		{C4D751B7-DBF7-4C45-8D54-1FF6608E4EF6}.Release|Any CPU.Build.0 = Release|Any CPU
		{7251EBED-443A-43C0-92CF-4A7D36ECBE55}.Debug|Any CPU.ActiveCfg = Debug|Any CPU
		{7251EBED-443A-43C0-92CF-4A7D36ECBE55}.Debug|Any CPU.Build.0 = Debug|Any CPU
		{7251EBED-443A-43C0-92CF-4A7D36ECBE55}.Release|Any CPU.ActiveCfg = Release|Any CPU
		{7251EBED-443A-43C0-92CF-4A7D36ECBE55}.Release|Any CPU.Build.0 = Release|Any CPU
		{61942552-9BF5-4B72-AACB-79E34099CF65}.Debug|Any CPU.ActiveCfg = Debug|Any CPU
		{61942552-9BF5-4B72-AACB-79E34099CF65}.Debug|Any CPU.Build.0 = Debug|Any CPU
		{61942552-9BF5-4B72-AACB-79E34099CF65}.Release|Any CPU.ActiveCfg = Release|Any CPU
		{61942552-9BF5-4B72-AACB-79E34099CF65}.Release|Any CPU.Build.0 = Release|Any CPU
		{90477B3B-9FE0-456E-AF5E-14A7F411A22D}.Debug|Any CPU.ActiveCfg = Debug|Any CPU
		{90477B3B-9FE0-456E-AF5E-14A7F411A22D}.Debug|Any CPU.Build.0 = Debug|Any CPU
		{90477B3B-9FE0-456E-AF5E-14A7F411A22D}.Release|Any CPU.ActiveCfg = Release|Any CPU
		{90477B3B-9FE0-456E-AF5E-14A7F411A22D}.Release|Any CPU.Build.0 = Release|Any CPU
	EndGlobalSection
	GlobalSection(SolutionProperties) = preSolution
		HideSolutionNode = FALSE
	EndGlobalSection
	GlobalSection(ExtensibilityGlobals) = postSolution
		SolutionGuid = {E3849A78-2D3F-4431-80D2-34F992EC2CA2}
	EndGlobalSection
EndGlobal
